
Microsoft Visual Studio Solution File, Format Version 12.00
# Visual Studio 14
VisualStudioVersion = 14.0.25123.0
MinimumVisualStudioVersion = 10.0.40219.1
Project("{8BC9CEB8-8B4A-11D0-8D11-00A0C91BC942}") = "gtest", "gtest\gtest.vcxproj", "{15EE3554-C1D4-4220-A0A4-98E5082F5954}"
EndProject
Project("{8BC9CEB8-8B4A-11D0-8D11-00A0C91BC942}") = "d-heap_lib", "d-heap_lib\d-heap_lib.vcxproj", "{BBB22511-2569-4EC1-9FBF-93460DC7D215}"
EndProject
Project("{8BC9CEB8-8B4A-11D0-8D11-00A0C91BC942}") = "sample_d-heap", "sample_d-heap\sample_d-heap.vcxproj", "{B9DBD481-B5DE-45F0-A003-4C1DFAAFCF87}"
EndProject
Project("{8BC9CEB8-8B4A-11D0-8D11-00A0C91BC942}") = "test", "test\test.vcxproj", "{22C24084-A576-4979-8BAD-D12A07646773}"
EndProject
Project("{8BC9CEB8-8B4A-11D0-8D11-00A0C91BC942}") = "priority_queue_lib", "priority_queue_lib\priority_queue_lib.vcxproj", "{D3FA2C1D-0B5C-4B01-A8CD-44EFACF941C1}"
EndProject
Project("{8BC9CEB8-8B4A-11D0-8D11-00A0C91BC942}") = "sample_Dijkstra", "sample_Dijkstra\sample_Dijkstra.vcxproj", "{BEF25D9F-2BA2-4EE4-AB39-DD27F0A2FD24}"
EndProject
Project("{8BC9CEB8-8B4A-11D0-8D11-00A0C91BC942}") = "disjoint-set_lib", "disjoint-set_lib\disjoint-set_lib.vcxproj", "{D82A1328-589C-4321-BDF5-15C0CF800C73}"
EndProject
Project("{8BC9CEB8-8B4A-11D0-8D11-00A0C91BC942}") = "sample_Kruskal", "sample_Kruskal\sample_Kruskal.vcxproj", "{63CA1067-AEF2-4FEA-8BC0-68117959A069}"
EndProject
Project("{8BC9CEB8-8B4A-11D0-8D11-00A0C91BC942}") = "graph_lib", "graph_lib\graph_lib.vcxproj", "{DC0A4AA7-84A2-402E-BC26-185A6FB75AC0}"
EndProject
Project("{8BC9CEB8-8B4A-11D0-8D11-00A0C91BC942}") = "binary_search_tree_lib", "binary_search_tree_lib\binary_search_tree_lib.vcxproj", "{B66FF591-F64A-4C47-BE45-1E16DDE908D7}"
EndProject
Project("{8BC9CEB8-8B4A-11D0-8D11-00A0C91BC942}") = "tables_lib", "tables_lib\tables_lib.vcxproj", "{06FB1C59-E521-4D39-87F8-1257CC440868}"
EndProject
Project("{8BC9CEB8-8B4A-11D0-8D11-00A0C91BC942}") = "algorithms", "algorithms\algorithms.vcxproj", "{D2D68F36-FBF1-45EB-AD2D-46214DC61F57}"
EndProject
Project("{2150E333-8FDC-42A3-9474-1A3956D46DE8}") = "Libraries", "Libraries", "{2D0E9B3F-3755-4A3F-9927-3D055FD4A967}"
EndProject
Project("{2150E333-8FDC-42A3-9474-1A3956D46DE8}") = "Applications", "Applications", "{CF885802-C3A4-4592-A582-D23F1DCFC0B2}"
EndProject
Global
	GlobalSection(SolutionConfigurationPlatforms) = preSolution
		Debug|x64 = Debug|x64
		Debug|x86 = Debug|x86
		Release|x64 = Release|x64
		Release|x86 = Release|x86
	EndGlobalSection
	GlobalSection(ProjectConfigurationPlatforms) = postSolution
		{15EE3554-C1D4-4220-A0A4-98E5082F5954}.Debug|x64.ActiveCfg = Debug|x64
		{15EE3554-C1D4-4220-A0A4-98E5082F5954}.Debug|x64.Build.0 = Debug|x64
		{15EE3554-C1D4-4220-A0A4-98E5082F5954}.Debug|x86.ActiveCfg = Debug|Win32
		{15EE3554-C1D4-4220-A0A4-98E5082F5954}.Debug|x86.Build.0 = Debug|Win32
		{15EE3554-C1D4-4220-A0A4-98E5082F5954}.Release|x64.ActiveCfg = Release|x64
		{15EE3554-C1D4-4220-A0A4-98E5082F5954}.Release|x64.Build.0 = Release|x64
		{15EE3554-C1D4-4220-A0A4-98E5082F5954}.Release|x86.ActiveCfg = Release|Win32
		{15EE3554-C1D4-4220-A0A4-98E5082F5954}.Release|x86.Build.0 = Release|Win32
		{BBB22511-2569-4EC1-9FBF-93460DC7D215}.Debug|x64.ActiveCfg = Debug|x64
		{BBB22511-2569-4EC1-9FBF-93460DC7D215}.Debug|x64.Build.0 = Debug|x64
		{BBB22511-2569-4EC1-9FBF-93460DC7D215}.Debug|x86.ActiveCfg = Debug|Win32
		{BBB22511-2569-4EC1-9FBF-93460DC7D215}.Debug|x86.Build.0 = Debug|Win32
		{BBB22511-2569-4EC1-9FBF-93460DC7D215}.Release|x64.ActiveCfg = Release|x64
		{BBB22511-2569-4EC1-9FBF-93460DC7D215}.Release|x64.Build.0 = Release|x64
		{BBB22511-2569-4EC1-9FBF-93460DC7D215}.Release|x86.ActiveCfg = Release|Win32
		{BBB22511-2569-4EC1-9FBF-93460DC7D215}.Release|x86.Build.0 = Release|Win32
		{B9DBD481-B5DE-45F0-A003-4C1DFAAFCF87}.Debug|x64.ActiveCfg = Debug|x64
		{B9DBD481-B5DE-45F0-A003-4C1DFAAFCF87}.Debug|x64.Build.0 = Debug|x64
		{B9DBD481-B5DE-45F0-A003-4C1DFAAFCF87}.Debug|x86.ActiveCfg = Debug|Win32
		{B9DBD481-B5DE-45F0-A003-4C1DFAAFCF87}.Debug|x86.Build.0 = Debug|Win32
		{B9DBD481-B5DE-45F0-A003-4C1DFAAFCF87}.Release|x64.ActiveCfg = Release|x64
		{B9DBD481-B5DE-45F0-A003-4C1DFAAFCF87}.Release|x64.Build.0 = Release|x64
		{B9DBD481-B5DE-45F0-A003-4C1DFAAFCF87}.Release|x86.ActiveCfg = Release|Win32
		{B9DBD481-B5DE-45F0-A003-4C1DFAAFCF87}.Release|x86.Build.0 = Release|Win32
		{22C24084-A576-4979-8BAD-D12A07646773}.Debug|x64.ActiveCfg = Debug|x64
		{22C24084-A576-4979-8BAD-D12A07646773}.Debug|x64.Build.0 = Debug|x64
		{22C24084-A576-4979-8BAD-D12A07646773}.Debug|x86.ActiveCfg = Debug|Win32
		{22C24084-A576-4979-8BAD-D12A07646773}.Debug|x86.Build.0 = Debug|Win32
		{22C24084-A576-4979-8BAD-D12A07646773}.Release|x64.ActiveCfg = Release|x64
		{22C24084-A576-4979-8BAD-D12A07646773}.Release|x64.Build.0 = Release|x64
		{22C24084-A576-4979-8BAD-D12A07646773}.Release|x86.ActiveCfg = Release|Win32
		{22C24084-A576-4979-8BAD-D12A07646773}.Release|x86.Build.0 = Release|Win32
		{D3FA2C1D-0B5C-4B01-A8CD-44EFACF941C1}.Debug|x64.ActiveCfg = Debug|x64
		{D3FA2C1D-0B5C-4B01-A8CD-44EFACF941C1}.Debug|x64.Build.0 = Debug|x64
		{D3FA2C1D-0B5C-4B01-A8CD-44EFACF941C1}.Debug|x86.ActiveCfg = Debug|Win32
		{D3FA2C1D-0B5C-4B01-A8CD-44EFACF941C1}.Debug|x86.Build.0 = Debug|Win32
		{D3FA2C1D-0B5C-4B01-A8CD-44EFACF941C1}.Release|x64.ActiveCfg = Release|x64
		{D3FA2C1D-0B5C-4B01-A8CD-44EFACF941C1}.Release|x64.Build.0 = Release|x64
		{D3FA2C1D-0B5C-4B01-A8CD-44EFACF941C1}.Release|x86.ActiveCfg = Release|Win32
		{D3FA2C1D-0B5C-4B01-A8CD-44EFACF941C1}.Release|x86.Build.0 = Release|Win32
		{BEF25D9F-2BA2-4EE4-AB39-DD27F0A2FD24}.Debug|x64.ActiveCfg = Debug|x64
		{BEF25D9F-2BA2-4EE4-AB39-DD27F0A2FD24}.Debug|x64.Build.0 = Debug|x64
		{BEF25D9F-2BA2-4EE4-AB39-DD27F0A2FD24}.Debug|x86.ActiveCfg = Debug|Win32
		{BEF25D9F-2BA2-4EE4-AB39-DD27F0A2FD24}.Debug|x86.Build.0 = Debug|Win32
		{BEF25D9F-2BA2-4EE4-AB39-DD27F0A2FD24}.Release|x64.ActiveCfg = Release|x64
		{BEF25D9F-2BA2-4EE4-AB39-DD27F0A2FD24}.Release|x64.Build.0 = Release|x64
		{BEF25D9F-2BA2-4EE4-AB39-DD27F0A2FD24}.Release|x86.ActiveCfg = Release|Win32
		{BEF25D9F-2BA2-4EE4-AB39-DD27F0A2FD24}.Release|x86.Build.0 = Release|Win32
		{D82A1328-589C-4321-BDF5-15C0CF800C73}.Debug|x64.ActiveCfg = Debug|x64
		{D82A1328-589C-4321-BDF5-15C0CF800C73}.Debug|x64.Build.0 = Debug|x64
		{D82A1328-589C-4321-BDF5-15C0CF800C73}.Debug|x86.ActiveCfg = Debug|Win32
		{D82A1328-589C-4321-BDF5-15C0CF800C73}.Debug|x86.Build.0 = Debug|Win32
		{D82A1328-589C-4321-BDF5-15C0CF800C73}.Release|x64.ActiveCfg = Release|x64
		{D82A1328-589C-4321-BDF5-15C0CF800C73}.Release|x64.Build.0 = Release|x64
		{D82A1328-589C-4321-BDF5-15C0CF800C73}.Release|x86.ActiveCfg = Release|Win32
		{D82A1328-589C-4321-BDF5-15C0CF800C73}.Release|x86.Build.0 = Release|Win32
		{63CA1067-AEF2-4FEA-8BC0-68117959A069}.Debug|x64.ActiveCfg = Debug|x64
		{63CA1067-AEF2-4FEA-8BC0-68117959A069}.Debug|x64.Build.0 = Debug|x64
		{63CA1067-AEF2-4FEA-8BC0-68117959A069}.Debug|x86.ActiveCfg = Debug|Win32
		{63CA1067-AEF2-4FEA-8BC0-68117959A069}.Debug|x86.Build.0 = Debug|Win32
		{63CA1067-AEF2-4FEA-8BC0-68117959A069}.Release|x64.ActiveCfg = Release|x64
		{63CA1067-AEF2-4FEA-8BC0-68117959A069}.Release|x64.Build.0 = Release|x64
		{63CA1067-AEF2-4FEA-8BC0-68117959A069}.Release|x86.ActiveCfg = Release|Win32
		{63CA1067-AEF2-4FEA-8BC0-68117959A069}.Release|x86.Build.0 = Release|Win32
		{DC0A4AA7-84A2-402E-BC26-185A6FB75AC0}.Debug|x64.ActiveCfg = Debug|x64
		{DC0A4AA7-84A2-402E-BC26-185A6FB75AC0}.Debug|x64.Build.0 = Debug|x64
		{DC0A4AA7-84A2-402E-BC26-185A6FB75AC0}.Debug|x86.ActiveCfg = Debug|Win32
		{DC0A4AA7-84A2-402E-BC26-185A6FB75AC0}.Debug|x86.Build.0 = Debug|Win32
		{DC0A4AA7-84A2-402E-BC26-185A6FB75AC0}.Release|x64.ActiveCfg = Release|x64
		{DC0A4AA7-84A2-402E-BC26-185A6FB75AC0}.Release|x64.Build.0 = Release|x64
		{DC0A4AA7-84A2-402E-BC26-185A6FB75AC0}.Release|x86.ActiveCfg = Release|Win32
		{DC0A4AA7-84A2-402E-BC26-185A6FB75AC0}.Release|x86.Build.0 = Release|Win32
		{B66FF591-F64A-4C47-BE45-1E16DDE908D7}.Debug|x64.ActiveCfg = Debug|x64
		{B66FF591-F64A-4C47-BE45-1E16DDE908D7}.Debug|x64.Build.0 = Debug|x64
		{B66FF591-F64A-4C47-BE45-1E16DDE908D7}.Debug|x86.ActiveCfg = Debug|Win32
		{B66FF591-F64A-4C47-BE45-1E16DDE908D7}.Debug|x86.Build.0 = Debug|Win32
		{B66FF591-F64A-4C47-BE45-1E16DDE908D7}.Release|x64.ActiveCfg = Release|x64
		{B66FF591-F64A-4C47-BE45-1E16DDE908D7}.Release|x64.Build.0 = Release|x64
		{B66FF591-F64A-4C47-BE45-1E16DDE908D7}.Release|x86.ActiveCfg = Release|Win32
		{B66FF591-F64A-4C47-BE45-1E16DDE908D7}.Release|x86.Build.0 = Release|Win32
		{06FB1C59-E521-4D39-87F8-1257CC440868}.Debug|x64.ActiveCfg = Debug|x64
		{06FB1C59-E521-4D39-87F8-1257CC440868}.Debug|x64.Build.0 = Debug|x64
		{06FB1C59-E521-4D39-87F8-1257CC440868}.Debug|x86.ActiveCfg = Debug|Win32
		{06FB1C59-E521-4D39-87F8-1257CC440868}.Debug|x86.Build.0 = Debug|Win32
		{06FB1C59-E521-4D39-87F8-1257CC440868}.Release|x64.ActiveCfg = Release|x64
		{06FB1C59-E521-4D39-87F8-1257CC440868}.Release|x64.Build.0 = Release|x64
		{06FB1C59-E521-4D39-87F8-1257CC440868}.Release|x86.ActiveCfg = Release|Win32
		{06FB1C59-E521-4D39-87F8-1257CC440868}.Release|x86.Build.0 = Release|Win32
		{D2D68F36-FBF1-45EB-AD2D-46214DC61F57}.Debug|x64.ActiveCfg = Debug|x64
		{D2D68F36-FBF1-45EB-AD2D-46214DC61F57}.Debug|x64.Build.0 = Debug|x64
		{D2D68F36-FBF1-45EB-AD2D-46214DC61F57}.Debug|x86.ActiveCfg = Debug|Win32
		{D2D68F36-FBF1-45EB-AD2D-46214DC61F57}.Debug|x86.Build.0 = Debug|Win32
		{D2D68F36-FBF1-45EB-AD2D-46214DC61F57}.Release|x64.ActiveCfg = Release|x64
		{D2D68F36-FBF1-45EB-AD2D-46214DC61F57}.Release|x64.Build.0 = Release|x64
		{D2D68F36-FBF1-45EB-AD2D-46214DC61F57}.Release|x86.ActiveCfg = Release|Win32
		{D2D68F36-FBF1-45EB-AD2D-46214DC61F57}.Release|x86.Build.0 = Release|Win32
	EndGlobalSection
	GlobalSection(SolutionProperties) = preSolution
		HideSolutionNode = FALSE
	EndGlobalSection
	GlobalSection(NestedProjects) = preSolution
		{15EE3554-C1D4-4220-A0A4-98E5082F5954} = {2D0E9B3F-3755-4A3F-9927-3D055FD4A967}
		{BBB22511-2569-4EC1-9FBF-93460DC7D215} = {2D0E9B3F-3755-4A3F-9927-3D055FD4A967}
		{B9DBD481-B5DE-45F0-A003-4C1DFAAFCF87} = {CF885802-C3A4-4592-A582-D23F1DCFC0B2}
		{22C24084-A576-4979-8BAD-D12A07646773} = {CF885802-C3A4-4592-A582-D23F1DCFC0B2}
		{D3FA2C1D-0B5C-4B01-A8CD-44EFACF941C1} = {2D0E9B3F-3755-4A3F-9927-3D055FD4A967}
		{BEF25D9F-2BA2-4EE4-AB39-DD27F0A2FD24} = {CF885802-C3A4-4592-A582-D23F1DCFC0B2}
		{D82A1328-589C-4321-BDF5-15C0CF800C73} = {2D0E9B3F-3755-4A3F-9927-3D055FD4A967}
		{63CA1067-AEF2-4FEA-8BC0-68117959A069} = {CF885802-C3A4-4592-A582-D23F1DCFC0B2}
		{DC0A4AA7-84A2-402E-BC26-185A6FB75AC0} = {2D0E9B3F-3755-4A3F-9927-3D055FD4A967}
		{B66FF591-F64A-4C47-BE45-1E16DDE908D7} = {2D0E9B3F-3755-4A3F-9927-3D055FD4A967}
		{06FB1C59-E521-4D39-87F8-1257CC440868} = {2D0E9B3F-3755-4A3F-9927-3D055FD4A967}
		{D2D68F36-FBF1-45EB-AD2D-46214DC61F57} = {2D0E9B3F-3755-4A3F-9927-3D055FD4A967}
	EndGlobalSection
EndGlobal
